// !$*UTF8*$!
{
	archiveVersion = 1;
	classes = {
	};
	objectVersion = 50;
	objects = {

/* Begin PBXBuildFile section */
		38D8EB5D24C3CE4600AA0FD6 /* AppDelegate.swift in Sources */ = {isa = PBXBuildFile; fileRef = 38D8EB5C24C3CE4600AA0FD6 /* AppDelegate.swift */; };
		38D8EB5F24C3CE4600AA0FD6 /* SceneDelegate.swift in Sources */ = {isa = PBXBuildFile; fileRef = 38D8EB5E24C3CE4600AA0FD6 /* SceneDelegate.swift */; };
		38D8EB6124C3CE4600AA0FD6 /* ViewController.swift in Sources */ = {isa = PBXBuildFile; fileRef = 38D8EB6024C3CE4600AA0FD6 /* ViewController.swift */; };
		38D8EB6424C3CE4600AA0FD6 /* Main.storyboard in Resources */ = {isa = PBXBuildFile; fileRef = 38D8EB6224C3CE4600AA0FD6 /* Main.storyboard */; };
		38D8EB6624C3CE4A00AA0FD6 /* Assets.xcassets in Resources */ = {isa = PBXBuildFile; fileRef = 38D8EB6524C3CE4A00AA0FD6 /* Assets.xcassets */; };
		38D8EB6924C3CE4A00AA0FD6 /* LaunchScreen.storyboard in Resources */ = {isa = PBXBuildFile; fileRef = 38D8EB6724C3CE4A00AA0FD6 /* LaunchScreen.storyboard */; };
/* End PBXBuildFile section */

/* Begin PBXFileReference section */
		38D8EB5924C3CE4600AA0FD6 /* Dice App.app */ = {isa = PBXFileReference; explicitFileType = wrapper.application; includeInIndex = 0; path = "Dice App.app"; sourceTree = BUILT_PRODUCTS_DIR; };
		38D8EB5C24C3CE4600AA0FD6 /* AppDelegate.swift */ = {isa = PBXFileReference; lastKnownFileType = sourcecode.swift; path = AppDelegate.swift; sourceTree = "<group>"; };
		38D8EB5E24C3CE4600AA0FD6 /* SceneDelegate.swift */ = {isa = PBXFileReference; lastKnownFileType = sourcecode.swift; path = SceneDelegate.swift; sourceTree = "<group>"; };
		38D8EB6024C3CE4600AA0FD6 /* ViewController.swift */ = {isa = PBXFileReference; lastKnownFileType = sourcecode.swift; path = ViewController.swift; sourceTree = "<group>"; };
		38D8EB6324C3CE4600AA0FD6 /* Base */ = {isa = PBXFileReference; lastKnownFileType = file.storyboard; name = Base; path = Base.lproj/Main.storyboard; sourceTree = "<group>"; };
		38D8EB6524C3CE4A00AA0FD6 /* Assets.xcassets */ = {isa = PBXFileReference; lastKnownFileType = folder.assetcatalog; path = Assets.xcassets; sourceTree = "<group>"; };
		38D8EB6824C3CE4A00AA0FD6 /* Base */ = {isa = PBXFileReference; lastKnownFileType = file.storyboard; name = Base; path = Base.lproj/LaunchScreen.storyboard; sourceTree = "<group>"; };
		38D8EB6A24C3CE4A00AA0FD6 /* Info.plist */ = {isa = PBXFileReference; lastKnownFileType = text.plist.xml; path = Info.plist; sourceTree = "<group>"; };
/* End PBXFileReference section */

/* Begin PBXFrameworksBuildPhase section */
		38D8EB5624C3CE4600AA0FD6 /* Frameworks */ = {
			isa = PBXFrameworksBuildPhase;
			buildActionMask = 2147483647;
			files = (
			);
			runOnlyForDeploymentPostprocessing = 0;
		};
/* End PBXFrameworksBuildPhase section */

/* Begin PBXGroup section */
		38D8EB5024C3CE4600AA0FD6 = {
			isa = PBXGroup;
			children = (
				38D8EB5B24C3CE4600AA0FD6 /* Dice App */,
				38D8EB5A24C3CE4600AA0FD6 /* Products */,
			);
			sourceTree = "<group>";
		};
		38D8EB5A24C3CE4600AA0FD6 /* Products */ = {
			isa = PBXGroup;
			children = (
				38D8EB5924C3CE4600AA0FD6 /* Dice App.app */,
			);
			name = Products;
			sourceTree = "<group>";
		};
		38D8EB5B24C3CE4600AA0FD6 /* Dice App */ = {
			isa = PBXGroup;
			children = (
				38D8EB5C24C3CE4600AA0FD6 /* AppDelegate.swift */,
				38D8EB5E24C3CE4600AA0FD6 /* SceneDelegate.swift */,
				38D8EB6024C3CE4600AA0FD6 /* ViewController.swift */,
				38D8EB6224C3CE4600AA0FD6 /* Main.storyboard */,
				38D8EB6524C3CE4A00AA0FD6 /* Assets.xcassets */,
				38D8EB6724C3CE4A00AA0FD6 /* LaunchScreen.storyboard */,
				38D8EB6A24C3CE4A00AA0FD6 /* Info.plist */,
			);
			path = "Dice App";
			sourceTree = "<group>";
		};
/* End PBXGroup section */

/* Begin PBXNativeTarget section */
		38D8EB5824C3CE4600AA0FD6 /* Dice App */ = {
			isa = PBXNativeTarget;
			buildConfigurationList = 38D8EB6D24C3CE4A00AA0FD6 /* Build configuration list for PBXNativeTarget "Dice App" */;
			buildPhases = (
				38D8EB5524C3CE4600AA0FD6 /* Sources */,
				38D8EB5624C3CE4600AA0FD6 /* Frameworks */,
				38D8EB5724C3CE4600AA0FD6 /* Resources */,
			);
			buildRules = (
			);
			dependencies = (
			);
			name = "Dice App";
			productName = "Dice App";
			productReference = 38D8EB5924C3CE4600AA0FD6 /* Dice App.app */;
			productType = "com.apple.product-type.application";
		};
/* End PBXNativeTarget section */

/* Begin PBXProject section */
		38D8EB5124C3CE4600AA0FD6 /* Project object */ = {
			isa = PBXProject;
			attributes = {
				LastSwiftUpdateCheck = 1150;
				LastUpgradeCheck = 1150;
				ORGANIZATIONNAME = "Fernando Callejas";
				TargetAttributes = {
					38D8EB5824C3CE4600AA0FD6 = {
						CreatedOnToolsVersion = 11.5;
					};
				};
			};
			buildConfigurationList = 38D8EB5424C3CE4600AA0FD6 /* Build configuration list for PBXProject "Dice App" */;
			compatibilityVersion = "Xcode 9.3";
			developmentRegion = en;
			hasScannedForEncodings = 0;
			knownRegions = (
				en,
				Base,
			);
			mainGroup = 38D8EB5024C3CE4600AA0FD6;
			productRefGroup = 38D8EB5A24C3CE4600AA0FD6 /* Products */;
			projectDirPath = "";
			projectRoot = "";
			targets = (
				38D8EB5824C3CE4600AA0FD6 /* Dice App */,
			);
		};
/* End PBXProject section */

/* Begin PBXResourcesBuildPhase section */
		38D8EB5724C3CE4600AA0FD6 /* Resources */ = {
			isa = PBXResourcesBuildPhase;
			buildActionMask = 2147483647;
			files = (
				38D8EB6924C3CE4A00AA0FD6 /* LaunchScreen.storyboard in Resources */,
				38D8EB6624C3CE4A00AA0FD6 /* Assets.xcassets in Resources */,
				38D8EB6424C3CE4600AA0FD6 /* Main.storyboard in Resources */,
			);
			runOnlyForDeploymentPostprocessing = 0;
		};
/* End PBXResourcesBuildPhase section */

/* Begin PBXSourcesBuildPhase section */
		38D8EB5524C3CE4600AA0FD6 /* Sources */ = {
			isa = PBXSourcesBuildPhase;
			buildActionMask = 2147483647;
			files = (
				38D8EB6124C3CE4600AA0FD6 /* ViewController.swift in Sources */,
				38D8EB5D24C3CE4600AA0FD6 /* AppDelegate.swift in Sources */,
				38D8EB5F24C3CE4600AA0FD6 /* SceneDelegate.swift in Sources */,
			);
			runOnlyForDeploymentPostprocessing = 0;
		};
/* End PBXSourcesBuildPhase section */

/* Begin PBXVariantGroup section */
		38D8EB6224C3CE4600AA0FD6 /* Main.storyboard */ = {
			isa = PBXVariantGroup;
			children = (
				38D8EB6324C3CE4600AA0FD6 /* Base */,
			);
			name = Main.storyboard;
			sourceTree = "<group>";
		};
		38D8EB6724C3CE4A00AA0FD6 /* LaunchScreen.storyboard */ = {
			isa = PBXVariantGroup;
			children = (
				38D8EB6824C3CE4A00AA0FD6 /* Base */,
			);
			name = LaunchScreen.storyboard;
			sourceTree = "<group>";
		};
/* End PBXVariantGroup section */

/* Begin XCBuildConfiguration section */
		38D8EB6B24C3CE4A00AA0FD6 /* Debug */ = {
			isa = XCBuildConfiguration;
			buildSettings = {
				ALWAYS_SEARCH_USER_PATHS = NO;
				CLANG_ANALYZER_NONNULL = YES;
				CLANG_ANALYZER_NUMBER_OBJECT_CONVERSION = YES_AGGRESSIVE;
				CLANG_CXX_LANGUAGE_STANDARD = "gnu++14";
				CLANG_CXX_LIBRARY = "libc++";
				CLANG_ENABLE_MODULES = YES;
				CLANG_ENABLE_OBJC_ARC = YES;
				CLANG_ENABLE_OBJC_WEAK = YES;
				CLANG_WARN_BLOCK_CAPTURE_AUTORELEASING = YES;
				CLANG_WARN_BOOL_CONVERSION = YES;
				CLANG_WARN_COMMA = YES;
				CLANG_WARN_CONSTANT_CONVERSION = YES;
				CLANG_WARN_DEPRECATED_OBJC_IMPLEMENTATIONS = YES;
				CLANG_WARN_DIRECT_OBJC_ISA_USAGE = YES_ERROR;
				CLANG_WARN_DOCUMENTATION_COMMENTS = YES;
				CLANG_WARN_EMPTY_BODY = YES;
				CLANG_WARN_ENUM_CONVERSION = YES;
				CLANG_WARN_INFINITE_RECURSION = YES;
				CLANG_WARN_INT_CONVERSION = YES;
				CLANG_WARN_NON_LITERAL_NULL_CONVERSION = YES;
				CLANG_WARN_OBJC_IMPLICIT_RETAIN_SELF = YES;
				CLANG_WARN_OBJC_LITERAL_CONVERSION = YES;
				CLANG_WARN_OBJC_ROOT_CLASS = YES_ERROR;
				CLANG_WARN_RANGE_LOOP_ANALYSIS = YES;
				CLANG_WARN_STRICT_PROTOTYPES = YES;
				CLANG_WARN_SUSPICIOUS_MOVE = YES;
				CLANG_WARN_UNGUARDED_AVAILABILITY = YES_AGGRESSIVE;
				CLANG_WARN_UNREACHABLE_CODE = YES;
				CLANG_WARN__DUPLICATE_METHOD_MATCH = YES;
				COPY_PHASE_STRIP = NO;
				DEBUG_INFORMATION_FORMAT = dwarf;
				ENABLE_STRICT_OBJC_MSGSEND = YES;
				ENABLE_TESTABILITY = YES;
				GCC_C_LANGUAGE_STANDARD = gnu11;
				GCC_DYNAMIC_NO_PIC = NO;
				GCC_NO_COMMON_BLOCKS = YES;
				GCC_OPTIMIZATION_LEVEL = 0;
				GCC_PREPROCESSOR_DEFINITIONS = (
					"DEBUG=1",
					"$(inherited)",
				);
				GCC_WARN_64_TO_32_BIT_CONVERSION = YES;
				GCC_WARN_ABOUT_RETURN_TYPE = YES_ERROR;
				GCC_WARN_UNDECLARED_SELECTOR = YES;
				GCC_WARN_UNINITIALIZED_AUTOS = YES_AGGRESSIVE;
				GCC_WARN_UNUSED_FUNCTION = YES;
				GCC_WARN_UNUSED_VARIABLE = YES;
				IPHONEOS_DEPLOYMENT_TARGET = 13.5;
				MTL_ENABLE_DEBUG_INFO = INCLUDE_SOURCE;
				MTL_FAST_MATH = YES;
				ONLY_ACTIVE_ARCH = YES;
				SDKROOT = iphoneos;
				SWIFT_ACTIVE_COMPILATION_CONDITIONS = DEBUG;
				SWIFT_OPTIMIZATION_LEVEL = "-Onone";
			};
			name = Debug;
		};
		38D8EB6C24C3CE4A00AA0FD6 /* Release */ = {
			isa = XCBuildConfiguration;
			buildSettings = {
				ALWAYS_SEARCH_USER_PATHS = NO;
				CLANG_ANALYZER_NONNULL = YES;
				CLANG_ANALYZER_NUMBER_OBJECT_CONVERSION = YES_AGGRESSIVE;
				CLANG_CXX_LANGUAGE_STANDARD = "gnu++14";
				CLANG_CXX_LIBRARY = "libc++";
				CLANG_ENABLE_MODULES = YES;
				CLANG_ENABLE_OBJC_ARC = YES;
				CLANG_ENABLE_OBJC_WEAK = YES;
				CLANG_WARN_BLOCK_CAPTURE_AUTORELEASING = YES;
				CLANG_WARN_BOOL_CONVERSION = YES;
				CLANG_WARN_COMMA = YES;
				CLANG_WARN_CONSTANT_CONVERSION = YES;
				CLANG_WARN_DEPRECATED_OBJC_IMPLEMENTATIONS = YES;
				CLANG_WARN_DIRECT_OBJC_ISA_USAGE = YES_ERROR;
				CLANG_WARN_DOCUMENTATION_COMMENTS = YES;
				CLANG_WARN_EMPTY_BODY = YES;
				CLANG_WARN_ENUM_CONVERSION = YES;
				CLANG_WARN_INFINITE_RECURSION = YES;
				CLANG_WARN_INT_CONVERSION = YES;
				CLANG_WARN_NON_LITERAL_NULL_CONVERSION = YES;
				CLANG_WARN_OBJC_IMPLICIT_RETAIN_SELF = YES;
				CLANG_WARN_OBJC_LITERAL_CONVERSION = YES;
				CLANG_WARN_OBJC_ROOT_CLASS = YES_ERROR;
				CLANG_WARN_RANGE_LOOP_ANALYSIS = YES;
				CLANG_WARN_STRICT_PROTOTYPES = YES;
				CLANG_WARN_SUSPICIOUS_MOVE = YES;
				CLANG_WARN_UNGUARDED_AVAILABILITY = YES_AGGRESSIVE;
				CLANG_WARN_UNREACHABLE_CODE = YES;
				CLANG_WARN__DUPLICATE_METHOD_MATCH = YES;
				COPY_PHASE_STRIP = NO;
				DEBUG_INFORMATION_FORMAT = "dwarf-with-dsym";
				ENABLE_NS_ASSERTIONS = NO;
				ENABLE_STRICT_OBJC_MSGSEND = YES;
				GCC_C_LANGUAGE_STANDARD = gnu11;
				GCC_NO_COMMON_BLOCKS = YES;
				GCC_WARN_64_TO_32_BIT_CONVERSION = YES;
				GCC_WARN_ABOUT_RETURN_TYPE = YES_ERROR;
				GCC_WARN_UNDECLARED_SELECTOR = YES;
				GCC_WARN_UNINITIALIZED_AUTOS = YES_AGGRESSIVE;
				GCC_WARN_UNUSED_FUNCTION = YES;
				GCC_WARN_UNUSED_VARIABLE = YES;
				IPHONEOS_DEPLOYMENT_TARGET = 13.5;
				MTL_ENABLE_DEBUG_INFO = NO;
				MTL_FAST_MATH = YES;
				SDKROOT = iphoneos;
				SWIFT_COMPILATION_MODE = wholemodule;
				SWIFT_OPTIMIZATION_LEVEL = "-O";
				VALIDATE_PRODUCT = YES;
			};
			name = Release;
		};
		38D8EB6E24C3CE4A00AA0FD6 /* Debug */ = {
			isa = XCBuildConfiguration;
			buildSettings = {
				ASSETCATALOG_COMPILER_APPICON_NAME = AppIcon;
				CODE_SIGN_STYLE = Automatic;
				DEVELOPMENT_TEAM = XL9L4JVB38;
				INFOPLIST_FILE = "Dice App/Info.plist";
				LD_RUNPATH_SEARCH_PATHS = (
					"$(inherited)",
					"@executable_path/Frameworks",
				);
				PRODUCT_BUNDLE_IDENTIFIER = "com.fernandocallejas.Dice-App";
				PRODUCT_NAME = "$(TARGET_NAME)";
				SWIFT_VERSION = 5.0;
				TARGETED_DEVICE_FAMILY = "1,2";
			};
			name = Debug;
		};
		38D8EB6F24C3CE4A00AA0FD6 /* Release */ = {
			isa = XCBuildConfiguration;
			buildSettings = {
				ASSETCATALOG_COMPILER_APPICON_NAME = AppIcon;
				CODE_SIGN_STYLE = Automatic;
				DEVELOPMENT_TEAM = XL9L4JVB38;
				INFOPLIST_FILE = "Dice App/Info.plist";
				LD_RUNPATH_SEARCH_PATHS = (
					"$(inherited)",
					"@executable_path/Frameworks",
				);
				PRODUCT_BUNDLE_IDENTIFIER = "com.fernandocallejas.Dice-App";
				PRODUCT_NAME = "$(TARGET_NAME)";
				SWIFT_VERSION = 5.0;
				TARGETED_DEVICE_FAMILY = "1,2";
			};
			name = Release;
		};
/* End XCBuildConfiguration section */

/* Begin XCConfigurationList section */
		38D8EB5424C3CE4600AA0FD6 /* Build configuration list for PBXProject "Dice App" */ = {
			isa = XCConfigurationList;
			buildConfigurations = (
				38D8EB6B24C3CE4A00AA0FD6 /* Debug */,
				38D8EB6C24C3CE4A00AA0FD6 /* Release */,
			);
			defaultConfigurationIsVisible = 0;
			defaultConfigurationName = Release;
		};
		38D8EB6D24C3CE4A00AA0FD6 /* Build configuration list for PBXNativeTarget "Dice App" */ = {
			isa = XCConfigurationList;
			buildConfigurations = (
				38D8EB6E24C3CE4A00AA0FD6 /* Debug */,
				38D8EB6F24C3CE4A00AA0FD6 /* Release */,
			);
			defaultConfigurationIsVisible = 0;
			defaultConfigurationName = Release;
		};
/* End XCConfigurationList section */
	};
	rootObject = 38D8EB5124C3CE4600AA0FD6 /* Project object */;
}
